
Microsoft Visual Studio Solution File, Format Version 12.00
# Visual Studio Version 16
VisualStudioVersion = 16.0.810.16
MinimumVisualStudioVersion = 10.0.40219.1
Project("{FAE04EC0-301F-11D3-BF4B-00C04F79EFBC}") = "ShoppingCart", "ShoppingCart\ShoppingCart.csproj", "{83DC70E1-A1BC-4DD6-B546-774BC8AE842F}"
EndProject
Project("{FAE04EC0-301F-11D3-BF4B-00C04F79EFBC}") = "ShoppingCart.Tests", "ShoppingCart.Tests\ShoppingCart.Tests.csproj", "{C8515144-5CC7-4399-B72E-5D42BD27BCAA}"
EndProject
Global
	GlobalSection(SolutionConfigurationPlatforms) = preSolution
		Debug|Any CPU = Debug|Any CPU
		Release|Any CPU = Release|Any CPU
	EndGlobalSection
	GlobalSection(ProjectConfigurationPlatforms) = postSolution
		{83DC70E1-A1BC-4DD6-B546-774BC8AE842F}.Debug|Any CPU.ActiveCfg = Debug|Any CPU
		{83DC70E1-A1BC-4DD6-B546-774BC8AE842F}.Debug|Any CPU.Build.0 = Debug|Any CPU
		{83DC70E1-A1BC-4DD6-B546-774BC8AE842F}.Release|Any CPU.ActiveCfg = Release|Any CPU
		{83DC70E1-A1BC-4DD6-B546-774BC8AE842F}.Release|Any CPU.Build.0 = Release|Any CPU
		{C8515144-5CC7-4399-B72E-5D42BD27BCAA}.Debug|Any CPU.ActiveCfg = Debug|Any CPU
		{C8515144-5CC7-4399-B72E-5D42BD27BCAA}.Debug|Any CPU.Build.0 = Debug|Any CPU
		{C8515144-5CC7-4399-B72E-5D42BD27BCAA}.Release|Any CPU.ActiveCfg = Release|Any CPU
		{C8515144-5CC7-4399-B72E-5D42BD27BCAA}.Release|Any CPU.Build.0 = Release|Any CPU
	EndGlobalSection
	GlobalSection(SolutionProperties) = preSolution
		HideSolutionNode = FALSE
	EndGlobalSection
	GlobalSection(ExtensibilityGlobals) = postSolution
		SolutionGuid = {2B3961F1-0ED6-451D-9142-6BCAF5E5801A}
	EndGlobalSection
EndGlobal
